
Microsoft Visual Studio Solution File, Format Version 12.00
# Visual Studio Version 17
VisualStudioVersion = 17.3.32804.467
MinimumVisualStudioVersion = 10.0.40219.1
Project("{FAE04EC0-301F-11D3-BF4B-00C04F79EFBC}") = "Collection1", "Collection1\Collection1.csproj", "{A51A35FC-FF4F-4425-82D5-4BBF4C308948}"
EndProject
Global
	GlobalSection(SolutionConfigurationPlatforms) = preSolution
		Debug|Any CPU = Debug|Any CPU
		Release|Any CPU = Release|Any CPU
	EndGlobalSection
	GlobalSection(ProjectConfigurationPlatforms) = postSolution
		{A51A35FC-FF4F-4425-82D5-4BBF4C308948}.Debug|Any CPU.ActiveCfg = Debug|Any CPU
		{A51A35FC-FF4F-4425-82D5-4BBF4C308948}.Debug|Any CPU.Build.0 = Debug|Any CPU
		{A51A35FC-FF4F-4425-82D5-4BBF4C308948}.Release|Any CPU.ActiveCfg = Release|Any CPU
		{A51A35FC-FF4F-4425-82D5-4BBF4C308948}.Release|Any CPU.Build.0 = Release|Any CPU
	EndGlobalSection
	GlobalSection(SolutionProperties) = preSolution
		HideSolutionNode = FALSE
	EndGlobalSection
	GlobalSection(ExtensibilityGlobals) = postSolution
		SolutionGuid = {9D14A1CB-3957-4FA3-BB87-EC7CC40DEBBC}
	EndGlobalSection
EndGlobal
